id: steel_alloy_block
displayType: storage
name: lang:materials.steel_alloy_block
wikiDescription: lang:wiki.materials.steel_alloy_block
texture: ../assets/blocks/steel_alloy_block.png
category: construction
destroyTime: 20
explosionResistance: 1200
mapColor: "#8c8c8c"
requiresTool: true
toolTier: iron
miningSpeed: 5
drops: apeirix:steel_alloy_block
recipes:
  - type: shaped
    id: steel_alloy_block_from_ingots
    pattern:
      - "###"
      - "###"
      - "###"
    ingredients:
      "#": apeirix:steel_alloy_ingot
    result: apeirix:steel_alloy_block
    count: 1
    unlock:
      - apeirix:steel_alloy_ingot
  - type: shapeless
    id: apeirix:steel_alloy_ingot_from_block
    ingredients:
      - apeirix:steel_alloy_block
    result: apeirix:steel_alloy_ingot
    count: 9
    unlock:
      - apeirix:steel_alloy_block
