id: ardite_block
displayType: storage
name: lang:materials.ardite_block
texture: ../../../assets/ardite/ardite_block.png
category: construction
destroyTime: 20.0
explosionResistance: 6
mapColor: "#C84B31"
requiresTool: true
toolTier: iron
miningSpeed: 5
drops: apeirix:ardite_block
recipes:
  - type: shaped
    id: ardite_block_from_ingots
    pattern:
      - "###"
      - "###"
      - "###"
    ingredients:
      "#": apeirix:ardite_ingot
    result: apeirix:ardite_block
    count: 1
    unlock:
      - apeirix:ardite_ingot
  - type: shapeless
    id: apeirix:ardite_ingot_from_block
    ingredients:
      - apeirix:ardite_block
    result: apeirix:ardite_ingot
    count: 9
    unlock:
      - apeirix:ardite_block
