id: nickel_block
displayType: storage
name: lang:materials.nickel_block
texture: ../../../assets/nickel/nickel_block.png
category: construction
destroyTime: 18.0
explosionResistance: 6
mapColor: "#e8e8e8"
requiresTool: true
toolTier: iron
miningSpeed: 5
drops: apeirix:nickel_block
recipes:
  - type: shaped
    id: nickel_block_from_ingots
    pattern:
      - "###"
      - "###"
      - "###"
    ingredients:
      "#": apeirix:nickel_ingot
    result: apeirix:nickel_block
    count: 1
    unlock:
      - apeirix:nickel_ingot
  - type: shapeless
    id: apeirix:nickel_ingot_from_block
    ingredients:
      - apeirix:nickel_block
    result: apeirix:nickel_ingot
    count: 9
    unlock:
      - apeirix:nickel_block
